
Microsoft Visual Studio Solution File, Format Version 12.00
# Visual Studio Version 17
VisualStudioVersion = 17.6.33815.320
MinimumVisualStudioVersion = 10.0.40219.1
Project("{9A19103F-16F7-4668-BE54-9A1E7A4F7556}") = "UI", "UI\UI.csproj", "{6B69C125-F063-40E1-92F0-DED7792814FD}"
EndProject
Project("{9A19103F-16F7-4668-BE54-9A1E7A4F7556}") = "DAL", "DAL\DAL.csproj", "{1EED36C1-5365-4011-97D3-824D42ED01D8}"
EndProject
Project("{9A19103F-16F7-4668-BE54-9A1E7A4F7556}") = "BL", "BL\BL.csproj", "{B3F134B5-8515-4C05-AED7-AB04E3067FC7}"
EndProject
Project("{9A19103F-16F7-4668-BE54-9A1E7A4F7556}") = "Try", "Try\Try.csproj", "{BE82888C-42FE-4D25-9B81-F25C90EE2074}"
EndProject
Project("{2150E333-8FDC-42A3-9474-1A3956D46DE8}") = "Solution Items", "Solution Items", "{FC90D24B-E395-44B7-A80E-22336F2FCD0D}"
	ProjectSection(SolutionItems) = preProject
		.gitignore = .gitignore
	EndProjectSection
EndProject
Global
	GlobalSection(SolutionConfigurationPlatforms) = preSolution
		Debug|Any CPU = Debug|Any CPU
		Debug|x64 = Debug|x64
		Debug|x86 = Debug|x86
		Release|Any CPU = Release|Any CPU
		Release|x64 = Release|x64
		Release|x86 = Release|x86
	EndGlobalSection
	GlobalSection(ProjectConfigurationPlatforms) = postSolution
		{6B69C125-F063-40E1-92F0-DED7792814FD}.Debug|Any CPU.ActiveCfg = Debug|Any CPU
		{6B69C125-F063-40E1-92F0-DED7792814FD}.Debug|Any CPU.Build.0 = Debug|Any CPU
		{6B69C125-F063-40E1-92F0-DED7792814FD}.Debug|x64.ActiveCfg = Debug|Any CPU
		{6B69C125-F063-40E1-92F0-DED7792814FD}.Debug|x64.Build.0 = Debug|Any CPU
		{6B69C125-F063-40E1-92F0-DED7792814FD}.Debug|x86.ActiveCfg = Debug|Any CPU
		{6B69C125-F063-40E1-92F0-DED7792814FD}.Debug|x86.Build.0 = Debug|Any CPU
		{6B69C125-F063-40E1-92F0-DED7792814FD}.Release|Any CPU.ActiveCfg = Release|Any CPU
		{6B69C125-F063-40E1-92F0-DED7792814FD}.Release|Any CPU.Build.0 = Release|Any CPU
		{6B69C125-F063-40E1-92F0-DED7792814FD}.Release|x64.ActiveCfg = Release|Any CPU
		{6B69C125-F063-40E1-92F0-DED7792814FD}.Release|x64.Build.0 = Release|Any CPU
		{6B69C125-F063-40E1-92F0-DED7792814FD}.Release|x86.ActiveCfg = Release|Any CPU
		{6B69C125-F063-40E1-92F0-DED7792814FD}.Release|x86.Build.0 = Release|Any CPU
		{1EED36C1-5365-4011-97D3-824D42ED01D8}.Debug|Any CPU.ActiveCfg = Debug|Any CPU
		{1EED36C1-5365-4011-97D3-824D42ED01D8}.Debug|Any CPU.Build.0 = Debug|Any CPU
		{1EED36C1-5365-4011-97D3-824D42ED01D8}.Debug|x64.ActiveCfg = Debug|Any CPU
		{1EED36C1-5365-4011-97D3-824D42ED01D8}.Debug|x64.Build.0 = Debug|Any CPU
		{1EED36C1-5365-4011-97D3-824D42ED01D8}.Debug|x86.ActiveCfg = Debug|Any CPU
		{1EED36C1-5365-4011-97D3-824D42ED01D8}.Debug|x86.Build.0 = Debug|Any CPU
		{1EED36C1-5365-4011-97D3-824D42ED01D8}.Release|Any CPU.ActiveCfg = Release|Any CPU
		{1EED36C1-5365-4011-97D3-824D42ED01D8}.Release|Any CPU.Build.0 = Release|Any CPU
		{1EED36C1-5365-4011-97D3-824D42ED01D8}.Release|x64.ActiveCfg = Release|Any CPU
		{1EED36C1-5365-4011-97D3-824D42ED01D8}.Release|x64.Build.0 = Release|Any CPU
		{1EED36C1-5365-4011-97D3-824D42ED01D8}.Release|x86.ActiveCfg = Release|Any CPU
		{1EED36C1-5365-4011-97D3-824D42ED01D8}.Release|x86.Build.0 = Release|Any CPU
		{B3F134B5-8515-4C05-AED7-AB04E3067FC7}.Debug|Any CPU.ActiveCfg = Debug|Any CPU
		{B3F134B5-8515-4C05-AED7-AB04E3067FC7}.Debug|Any CPU.Build.0 = Debug|Any CPU
		{B3F134B5-8515-4C05-AED7-AB04E3067FC7}.Debug|x64.ActiveCfg = Debug|Any CPU
		{B3F134B5-8515-4C05-AED7-AB04E3067FC7}.Debug|x64.Build.0 = Debug|Any CPU
		{B3F134B5-8515-4C05-AED7-AB04E3067FC7}.Debug|x86.ActiveCfg = Debug|Any CPU
		{B3F134B5-8515-4C05-AED7-AB04E3067FC7}.Debug|x86.Build.0 = Debug|Any CPU
		{B3F134B5-8515-4C05-AED7-AB04E3067FC7}.Release|Any CPU.ActiveCfg = Release|Any CPU
		{B3F134B5-8515-4C05-AED7-AB04E3067FC7}.Release|Any CPU.Build.0 = Release|Any CPU
		{B3F134B5-8515-4C05-AED7-AB04E3067FC7}.Release|x64.ActiveCfg = Release|Any CPU
		{B3F134B5-8515-4C05-AED7-AB04E3067FC7}.Release|x64.Build.0 = Release|Any CPU
		{B3F134B5-8515-4C05-AED7-AB04E3067FC7}.Release|x86.ActiveCfg = Release|Any CPU
		{B3F134B5-8515-4C05-AED7-AB04E3067FC7}.Release|x86.Build.0 = Release|Any CPU
		{BE82888C-42FE-4D25-9B81-F25C90EE2074}.Debug|Any CPU.ActiveCfg = Debug|Any CPU
		{BE82888C-42FE-4D25-9B81-F25C90EE2074}.Debug|Any CPU.Build.0 = Debug|Any CPU
		{BE82888C-42FE-4D25-9B81-F25C90EE2074}.Debug|x64.ActiveCfg = Debug|Any CPU
		{BE82888C-42FE-4D25-9B81-F25C90EE2074}.Debug|x64.Build.0 = Debug|Any CPU
		{BE82888C-42FE-4D25-9B81-F25C90EE2074}.Debug|x86.ActiveCfg = Debug|Any CPU
		{BE82888C-42FE-4D25-9B81-F25C90EE2074}.Debug|x86.Build.0 = Debug|Any CPU
		{BE82888C-42FE-4D25-9B81-F25C90EE2074}.Release|Any CPU.ActiveCfg = Release|Any CPU
		{BE82888C-42FE-4D25-9B81-F25C90EE2074}.Release|Any CPU.Build.0 = Release|Any CPU
		{BE82888C-42FE-4D25-9B81-F25C90EE2074}.Release|x64.ActiveCfg = Release|Any CPU
		{BE82888C-42FE-4D25-9B81-F25C90EE2074}.Release|x64.Build.0 = Release|Any CPU
		{BE82888C-42FE-4D25-9B81-F25C90EE2074}.Release|x86.ActiveCfg = Release|Any CPU
		{BE82888C-42FE-4D25-9B81-F25C90EE2074}.Release|x86.Build.0 = Release|Any CPU
	EndGlobalSection
	GlobalSection(SolutionProperties) = preSolution
		HideSolutionNode = FALSE
	EndGlobalSection
	GlobalSection(ExtensibilityGlobals) = postSolution
		SolutionGuid = {83530F3E-288F-4B3D-A1C1-D4D2D5254ED9}
	EndGlobalSection
EndGlobal
